
Microsoft Visual Studio Solution File, Format Version 12.00
# Visual Studio 2013
VisualStudioVersion = 12.0.21005.1
MinimumVisualStudioVersion = 10.0.40219.1
Project("{FAE04EC0-301F-11D3-BF4B-00C04F79EFBC}") = "SevenDigital.Parsing.XsdToObject", "src\SevenDigital.Parsing.XsdToObject\SevenDigital.Parsing.XsdToObject.csproj", "{CAFCA1E0-FE5E-456E-AA0B-E6E3DBF02A7C}"
EndProject
Project("{FAE04EC0-301F-11D3-BF4B-00C04F79EFBC}") = "SevenDigital.Parsing.XsdToObject.Tests", "src\SevenDigital.Parsing.XsdToObject.Tests\SevenDigital.Parsing.XsdToObject.Tests.csproj", "{C2618843-68C3-4BFA-B099-2696A5D94895}"
EndProject
Project("{FAE04EC0-301F-11D3-BF4B-00C04F79EFBC}") = "AutoGenerated", "src\AutoGenerated\AutoGenerated.csproj", "{CE04CEBD-00DC-4F17-B975-270DC4ABF91C}"
	ProjectSection(ProjectDependencies) = postProject
		{CAFCA1E0-FE5E-456E-AA0B-E6E3DBF02A7C} = {CAFCA1E0-FE5E-456E-AA0B-E6E3DBF02A7C}
	EndProjectSection
EndProject
Project("{2150E333-8FDC-42A3-9474-1A3956D46DE8}") = ".nuget", ".nuget", "{E68C631E-C05D-4783-A9C6-3AF633B8DBAD}"
	ProjectSection(SolutionItems) = preProject
		.nuget\NuGet.Config = .nuget\NuGet.Config
		.nuget\NuGet.targets = .nuget\NuGet.targets
	EndProjectSection
EndProject
Global
	GlobalSection(SolutionConfigurationPlatforms) = preSolution
		Debug|Any CPU = Debug|Any CPU
		Debug|Mixed Platforms = Debug|Mixed Platforms
		Debug|x86 = Debug|x86
		Release|Any CPU = Release|Any CPU
		Release|Mixed Platforms = Release|Mixed Platforms
		Release|x86 = Release|x86
	EndGlobalSection
	GlobalSection(ProjectConfigurationPlatforms) = postSolution
		{CAFCA1E0-FE5E-456E-AA0B-E6E3DBF02A7C}.Debug|Any CPU.ActiveCfg = Debug|Any CPU
		{CAFCA1E0-FE5E-456E-AA0B-E6E3DBF02A7C}.Debug|Any CPU.Build.0 = Debug|Any CPU
		{CAFCA1E0-FE5E-456E-AA0B-E6E3DBF02A7C}.Debug|Mixed Platforms.ActiveCfg = Debug|Any CPU
		{CAFCA1E0-FE5E-456E-AA0B-E6E3DBF02A7C}.Debug|Mixed Platforms.Build.0 = Debug|Any CPU
		{CAFCA1E0-FE5E-456E-AA0B-E6E3DBF02A7C}.Debug|x86.ActiveCfg = Debug|Any CPU
		{CAFCA1E0-FE5E-456E-AA0B-E6E3DBF02A7C}.Release|Any CPU.ActiveCfg = Release|Any CPU
		{CAFCA1E0-FE5E-456E-AA0B-E6E3DBF02A7C}.Release|Any CPU.Build.0 = Release|Any CPU
		{CAFCA1E0-FE5E-456E-AA0B-E6E3DBF02A7C}.Release|Mixed Platforms.ActiveCfg = Release|Any CPU
		{CAFCA1E0-FE5E-456E-AA0B-E6E3DBF02A7C}.Release|Mixed Platforms.Build.0 = Release|Any CPU
		{CAFCA1E0-FE5E-456E-AA0B-E6E3DBF02A7C}.Release|x86.ActiveCfg = Release|Any CPU
		{C2618843-68C3-4BFA-B099-2696A5D94895}.Debug|Any CPU.ActiveCfg = Debug|Any CPU
		{C2618843-68C3-4BFA-B099-2696A5D94895}.Debug|Any CPU.Build.0 = Debug|Any CPU
		{C2618843-68C3-4BFA-B099-2696A5D94895}.Debug|Mixed Platforms.ActiveCfg = Debug|Any CPU
		{C2618843-68C3-4BFA-B099-2696A5D94895}.Debug|Mixed Platforms.Build.0 = Debug|Any CPU
		{C2618843-68C3-4BFA-B099-2696A5D94895}.Debug|x86.ActiveCfg = Debug|Any CPU
		{C2618843-68C3-4BFA-B099-2696A5D94895}.Release|Any CPU.ActiveCfg = Release|Any CPU
		{C2618843-68C3-4BFA-B099-2696A5D94895}.Release|Any CPU.Build.0 = Release|Any CPU
		{C2618843-68C3-4BFA-B099-2696A5D94895}.Release|Mixed Platforms.ActiveCfg = Release|Any CPU
		{C2618843-68C3-4BFA-B099-2696A5D94895}.Release|Mixed Platforms.Build.0 = Release|Any CPU
		{C2618843-68C3-4BFA-B099-2696A5D94895}.Release|x86.ActiveCfg = Release|Any CPU
		{CE04CEBD-00DC-4F17-B975-270DC4ABF91C}.Debug|Any CPU.ActiveCfg = Debug|Any CPU
		{CE04CEBD-00DC-4F17-B975-270DC4ABF91C}.Debug|Any CPU.Build.0 = Debug|Any CPU
		{CE04CEBD-00DC-4F17-B975-270DC4ABF91C}.Debug|Mixed Platforms.ActiveCfg = Debug|Any CPU
		{CE04CEBD-00DC-4F17-B975-270DC4ABF91C}.Debug|Mixed Platforms.Build.0 = Debug|Any CPU
		{CE04CEBD-00DC-4F17-B975-270DC4ABF91C}.Debug|x86.ActiveCfg = Debug|Any CPU
		{CE04CEBD-00DC-4F17-B975-270DC4ABF91C}.Release|Any CPU.ActiveCfg = Release|Any CPU
		{CE04CEBD-00DC-4F17-B975-270DC4ABF91C}.Release|Any CPU.Build.0 = Release|Any CPU
		{CE04CEBD-00DC-4F17-B975-270DC4ABF91C}.Release|Mixed Platforms.ActiveCfg = Release|Any CPU
		{CE04CEBD-00DC-4F17-B975-270DC4ABF91C}.Release|Mixed Platforms.Build.0 = Release|Any CPU
		{CE04CEBD-00DC-4F17-B975-270DC4ABF91C}.Release|x86.ActiveCfg = Release|Any CPU
	EndGlobalSection
	GlobalSection(SolutionProperties) = preSolution
		HideSolutionNode = FALSE
	EndGlobalSection
EndGlobal
